
Microsoft Visual Studio Solution File, Format Version 12.00
# Visual Studio 2012
Project("{2150E333-8FDC-42A3-9474-1A3956D46DE8}") = ".nuget", ".nuget", "{243275E0-D3DA-4557-9548-A6D64B3DAC5E}"
	ProjectSection(SolutionItems) = preProject
		.nuget\NuGet.config = .nuget\NuGet.config
		.nuget\NuGet.exe = .nuget\NuGet.exe
		.nuget\NuGet.targets = .nuget\NuGet.targets
	EndProjectSection
EndProject
Project("{2150E333-8FDC-42A3-9474-1A3956D46DE8}") = "Documents", "Documents", "{3889197F-3788-42BE-BB71-C90D66B568E2}"
	ProjectSection(SolutionItems) = preProject
		ReadMe.md = ReadMe.md
		ReadMe.sv.md = ReadMe.sv.md
	EndProjectSection
EndProject
Project("{2150E333-8FDC-42A3-9474-1A3956D46DE8}") = "CodeAnalysis", "CodeAnalysis", "{AA2D77D0-7800-4634-BD0C-22DA0DA283BB}"
	ProjectSection(SolutionItems) = preProject
		CodeAnalysis\Solution.ruleset = CodeAnalysis\Solution.ruleset
		CodeAnalysis\Solution.Tests.ruleset = CodeAnalysis\Solution.Tests.ruleset
		CodeAnalysis\SolutionDictionary.xml = CodeAnalysis\SolutionDictionary.xml
		CodeAnalysis\SolutionSuppressions.cs = CodeAnalysis\SolutionSuppressions.cs
	EndProjectSection
EndProject
Project("{2150E333-8FDC-42A3-9474-1A3956D46DE8}") = "Properties", "Properties", "{5B23D771-E269-4908-80B3-6F59F545AE7D}"
	ProjectSection(SolutionItems) = preProject
		Properties\SolutionInfo.cs = Properties\SolutionInfo.cs
	EndProjectSection
EndProject
Project("{2150E333-8FDC-42A3-9474-1A3956D46DE8}") = "Company-Windows", "Company-Windows", "{897528BE-A67D-4054-8034-83928C1FF122}"
EndProject
Project("{2150E333-8FDC-42A3-9474-1A3956D46DE8}") = "Company-Shared", "Company-Shared", "{61277029-2CFE-469E-B648-4D07525A2DA0}"
EndProject
Project("{2150E333-8FDC-42A3-9474-1A3956D46DE8}") = "Company-Web", "Company-Web", "{C8D2AAF6-2C2B-440C-9FD6-ECD6EA5EBD0C}"
EndProject
Project("{2150E333-8FDC-42A3-9474-1A3956D46DE8}") = "Company-Services", "Company-Services", "{648C0D93-C4F8-400D-9821-9E5FE640564D}"
EndProject
Project("{2150E333-8FDC-42A3-9474-1A3956D46DE8}") = "Company-Examples", "Company-Examples", "{DD1101BD-7F68-4812-92A8-E1F7EBCDBA07}"
EndProject
Project("{2150E333-8FDC-42A3-9474-1A3956D46DE8}") = "Signing", "Signing", "{A4689F14-A19E-403D-BA52-50A2A37836D1}"
	ProjectSection(SolutionItems) = preProject
		Signing\Company.snk = Signing\Company.snk
	EndProjectSection
EndProject
Project("{FAE04EC0-301F-11D3-BF4B-00C04F79EFBC}") = "Company", "Company-Shared\Company\Company.csproj", "{4A0595F1-27B1-426B-B597-A27D0DD6AB93}"
EndProject
Project("{FAE04EC0-301F-11D3-BF4B-00C04F79EFBC}") = "Company.UnitTests", "Company-Shared\Company.UnitTests\Company.UnitTests.csproj", "{CC8849E1-1401-4D54-89FD-0BA285C66DAB}"
EndProject
Project("{FAE04EC0-301F-11D3-BF4B-00C04F79EFBC}") = "Company.Examples", "Company-Examples\Company.Examples\Company.Examples.csproj", "{47F8B1CF-27FE-447F-8059-EC3519939472}"
EndProject
Project("{FAE04EC0-301F-11D3-BF4B-00C04F79EFBC}") = "Company.Examples.ShimTests", "Company-Examples\Company.Examples.ShimTests\Company.Examples.ShimTests.csproj", "{452E4B5E-4BC1-4C0E-B280-50C1AC23F3B4}"
EndProject
Project("{FAE04EC0-301F-11D3-BF4B-00C04F79EFBC}") = "Company.Examples.UnitTests", "Company-Examples\Company.Examples.UnitTests\Company.Examples.UnitTests.csproj", "{21DB2F4D-003F-4E10-8818-96A77C7F8981}"
EndProject
Project("{FAE04EC0-301F-11D3-BF4B-00C04F79EFBC}") = "Company.Fakes", "Company-Shared\Company.Fakes\Company.Fakes.csproj", "{7537C894-DDC1-43BD-AF0B-99FB391449BF}"
EndProject
Project("{FAE04EC0-301F-11D3-BF4B-00C04F79EFBC}") = "Company.Fakes.IntegrationTests", "Company-Shared\Company.Fakes.IntegrationTests\Company.Fakes.IntegrationTests.csproj", "{FEFC1492-7517-42D0-B4FB-5AFC4CDAEB2E}"
EndProject
Project("{FAE04EC0-301F-11D3-BF4B-00C04F79EFBC}") = "Company.Fakes.ShimTests", "Company-Shared\Company.Fakes.ShimTests\Company.Fakes.ShimTests.csproj", "{D311F7F8-0B09-43DC-9174-C62D7004B87F}"
EndProject
Project("{FAE04EC0-301F-11D3-BF4B-00C04F79EFBC}") = "Company.Fakes.UnitTests", "Company-Shared\Company.Fakes.UnitTests\Company.Fakes.UnitTests.csproj", "{DA23D101-B3A5-446E-965D-8B7A016FD7BD}"
EndProject
Project("{FAE04EC0-301F-11D3-BF4B-00C04F79EFBC}") = "Company.IntegrationTests", "Company-Shared\Company.IntegrationTests\Company.IntegrationTests.csproj", "{7B1BC337-6A9C-4808-B448-6DF34F7C9148}"
EndProject
Project("{FAE04EC0-301F-11D3-BF4B-00C04F79EFBC}") = "Company.ShimTests", "Company-Shared\Company.ShimTests\Company.ShimTests.csproj", "{FC6D0886-8F4D-40C6-8B71-5B2DACA5CFE5}"
EndProject
Project("{FAE04EC0-301F-11D3-BF4B-00C04F79EFBC}") = "Company.IoC.StructureMap", "Company-Shared\Company.IoC.StructureMap\Company.IoC.StructureMap.csproj", "{9FC9C108-8CC9-493B-B217-CBC0F8C81463}"
EndProject
Project("{FAE04EC0-301F-11D3-BF4B-00C04F79EFBC}") = "Company.IoC.StructureMap.IntegrationTests", "Company-Shared\Company.IoC.StructureMap.IntegrationTests\Company.IoC.StructureMap.IntegrationTests.csproj", "{82A857B3-EE3A-48AF-A65D-4B8473583488}"
EndProject
Project("{FAE04EC0-301F-11D3-BF4B-00C04F79EFBC}") = "Company.IoC.StructureMap.ShimTests", "Company-Shared\Company.IoC.StructureMap.ShimTests\Company.IoC.StructureMap.ShimTests.csproj", "{72418AFB-A7D1-4738-A3BE-1FE196059F7B}"
EndProject
Project("{FAE04EC0-301F-11D3-BF4B-00C04F79EFBC}") = "Company.IoC.StructureMap.UnitTests", "Company-Shared\Company.IoC.StructureMap.UnitTests\Company.IoC.StructureMap.UnitTests.csproj", "{470123B6-660C-4E4E-B767-32F2C38F61DB}"
EndProject
Project("{2150E333-8FDC-42A3-9474-1A3956D46DE8}") = "Company-Console", "Company-Console", "{69994430-845D-43DF-9723-2C9E59CF3D47}"
EndProject
Project("{FAE04EC0-301F-11D3-BF4B-00C04F79EFBC}") = "Company.ConsoleApplication", "Company-Console\Company.ConsoleApplication\Company.ConsoleApplication.csproj", "{B792CB96-AEF0-457B-87CD-FA7AB049B03B}"
EndProject
Project("{FAE04EC0-301F-11D3-BF4B-00C04F79EFBC}") = "Company.ConsoleApplication.UnitTests", "Company-Console\Company.ConsoleApplication.UnitTests\Company.ConsoleApplication.UnitTests.csproj", "{171DBE6D-BE18-45A1-A70C-B1C06999349A}"
EndProject
Project("{FAE04EC0-301F-11D3-BF4B-00C04F79EFBC}") = "Company.WebApplication", "Company-Web\Company.WebApplication\Company.WebApplication.csproj", "{F54DDB9D-AA8B-4155-BA5E-BE3E92A6F05C}"
EndProject
Project("{FAE04EC0-301F-11D3-BF4B-00C04F79EFBC}") = "Company.WebApplication.ShimTests", "Company-Web\Company.WebApplication.ShimTests\Company.WebApplication.ShimTests.csproj", "{AD7C1E65-12FB-4070-B3FD-7B344CA797DA}"
EndProject
Project("{FAE04EC0-301F-11D3-BF4B-00C04F79EFBC}") = "Company.WebApplication.UnitTests", "Company-Web\Company.WebApplication.UnitTests\Company.WebApplication.UnitTests.csproj", "{75CA39B9-850C-4D3B-B079-D1731DAF2881}"
EndProject
Project("{FAE04EC0-301F-11D3-BF4B-00C04F79EFBC}") = "Company.WindowsFormsApplication", "Company-Windows\Company.WindowsFormsApplication\Company.WindowsFormsApplication.csproj", "{4DAF698A-9588-4BBA-B856-9AC23AB6DEAB}"
EndProject
Project("{FAE04EC0-301F-11D3-BF4B-00C04F79EFBC}") = "Company.MvpApplication", "Company-Web\Company.MvpApplication\Company.MvpApplication.csproj", "{3B29910F-A594-446C-BE10-FF66B15406E2}"
EndProject
Project("{2150E333-8FDC-42A3-9474-1A3956D46DE8}") = "Targets", "Targets", "{6F7DE438-240E-4A62-A10E-D1771DFD38BB}"
EndProject
Project("{FAE04EC0-301F-11D3-BF4B-00C04F79EFBC}") = "Company.MvcApplication", "Company-Web\Company.MvcApplication\Company.MvcApplication.csproj", "{045B57B3-8521-4B5D-A134-FC3327D3908D}"
EndProject
Project("{2150E333-8FDC-42A3-9474-1A3956D46DE8}") = "Style", "Style", "{6B81724B-749E-45D2-AA38-76172697DC79}"
	ProjectSection(SolutionItems) = preProject
		Company-Web\Style\Company.css = Company-Web\Style\Company.css
	EndProjectSection
EndProject
Project("{2150E333-8FDC-42A3-9474-1A3956D46DE8}") = "Web", "Web", "{A5CA01D9-5FFB-4910-A96E-0234DEECB8D3}"
	ProjectSection(SolutionItems) = preProject
		Targets\Web\Configuration.Transformations.targets = Targets\Web\Configuration.Transformations.targets
	EndProjectSection
EndProject
Project("{FAE04EC0-301F-11D3-BF4B-00C04F79EFBC}") = "Company.MvcApplication.UnitTests", "Company-Web\Company.MvcApplication.UnitTests\Company.MvcApplication.UnitTests.csproj", "{2279166C-DA78-4893-A403-10BCE8A4E800}"
EndProject
Project("{FAE04EC0-301F-11D3-BF4B-00C04F79EFBC}") = "Company.MvpApplication.UnitTests", "Company-Web\Company.MvpApplication.UnitTests\Company.MvpApplication.UnitTests.csproj", "{F11A4CED-DBA8-4293-91C7-677DE0691C2B}"
EndProject
Global
	GlobalSection(SolutionConfigurationPlatforms) = preSolution
		Development|Any CPU = Development|Any CPU
		Production|Any CPU = Production|Any CPU
		Test|Any CPU = Test|Any CPU
	EndGlobalSection
	GlobalSection(ProjectConfigurationPlatforms) = postSolution
		{4A0595F1-27B1-426B-B597-A27D0DD6AB93}.Development|Any CPU.ActiveCfg = Debug|Any CPU
		{4A0595F1-27B1-426B-B597-A27D0DD6AB93}.Development|Any CPU.Build.0 = Debug|Any CPU
		{4A0595F1-27B1-426B-B597-A27D0DD6AB93}.Production|Any CPU.ActiveCfg = Release|Any CPU
		{4A0595F1-27B1-426B-B597-A27D0DD6AB93}.Production|Any CPU.Build.0 = Release|Any CPU
		{4A0595F1-27B1-426B-B597-A27D0DD6AB93}.Test|Any CPU.ActiveCfg = Debug|Any CPU
		{4A0595F1-27B1-426B-B597-A27D0DD6AB93}.Test|Any CPU.Build.0 = Debug|Any CPU
		{CC8849E1-1401-4D54-89FD-0BA285C66DAB}.Development|Any CPU.ActiveCfg = Debug|Any CPU
		{CC8849E1-1401-4D54-89FD-0BA285C66DAB}.Development|Any CPU.Build.0 = Debug|Any CPU
		{CC8849E1-1401-4D54-89FD-0BA285C66DAB}.Production|Any CPU.ActiveCfg = Release|Any CPU
		{CC8849E1-1401-4D54-89FD-0BA285C66DAB}.Production|Any CPU.Build.0 = Release|Any CPU
		{CC8849E1-1401-4D54-89FD-0BA285C66DAB}.Test|Any CPU.ActiveCfg = Debug|Any CPU
		{CC8849E1-1401-4D54-89FD-0BA285C66DAB}.Test|Any CPU.Build.0 = Debug|Any CPU
		{47F8B1CF-27FE-447F-8059-EC3519939472}.Development|Any CPU.ActiveCfg = Debug|Any CPU
		{47F8B1CF-27FE-447F-8059-EC3519939472}.Development|Any CPU.Build.0 = Debug|Any CPU
		{47F8B1CF-27FE-447F-8059-EC3519939472}.Production|Any CPU.ActiveCfg = Release|Any CPU
		{47F8B1CF-27FE-447F-8059-EC3519939472}.Production|Any CPU.Build.0 = Release|Any CPU
		{47F8B1CF-27FE-447F-8059-EC3519939472}.Test|Any CPU.ActiveCfg = Debug|Any CPU
		{47F8B1CF-27FE-447F-8059-EC3519939472}.Test|Any CPU.Build.0 = Debug|Any CPU
		{452E4B5E-4BC1-4C0E-B280-50C1AC23F3B4}.Development|Any CPU.ActiveCfg = Debug|Any CPU
		{452E4B5E-4BC1-4C0E-B280-50C1AC23F3B4}.Development|Any CPU.Build.0 = Debug|Any CPU
		{452E4B5E-4BC1-4C0E-B280-50C1AC23F3B4}.Production|Any CPU.ActiveCfg = Release|Any CPU
		{452E4B5E-4BC1-4C0E-B280-50C1AC23F3B4}.Production|Any CPU.Build.0 = Release|Any CPU
		{452E4B5E-4BC1-4C0E-B280-50C1AC23F3B4}.Test|Any CPU.ActiveCfg = Debug|Any CPU
		{452E4B5E-4BC1-4C0E-B280-50C1AC23F3B4}.Test|Any CPU.Build.0 = Debug|Any CPU
		{21DB2F4D-003F-4E10-8818-96A77C7F8981}.Development|Any CPU.ActiveCfg = Debug|Any CPU
		{21DB2F4D-003F-4E10-8818-96A77C7F8981}.Development|Any CPU.Build.0 = Debug|Any CPU
		{21DB2F4D-003F-4E10-8818-96A77C7F8981}.Production|Any CPU.ActiveCfg = Release|Any CPU
		{21DB2F4D-003F-4E10-8818-96A77C7F8981}.Production|Any CPU.Build.0 = Release|Any CPU
		{21DB2F4D-003F-4E10-8818-96A77C7F8981}.Test|Any CPU.ActiveCfg = Debug|Any CPU
		{21DB2F4D-003F-4E10-8818-96A77C7F8981}.Test|Any CPU.Build.0 = Debug|Any CPU
		{7537C894-DDC1-43BD-AF0B-99FB391449BF}.Development|Any CPU.ActiveCfg = Debug|Any CPU
		{7537C894-DDC1-43BD-AF0B-99FB391449BF}.Development|Any CPU.Build.0 = Debug|Any CPU
		{7537C894-DDC1-43BD-AF0B-99FB391449BF}.Production|Any CPU.ActiveCfg = Release|Any CPU
		{7537C894-DDC1-43BD-AF0B-99FB391449BF}.Production|Any CPU.Build.0 = Release|Any CPU
		{7537C894-DDC1-43BD-AF0B-99FB391449BF}.Test|Any CPU.ActiveCfg = Debug|Any CPU
		{7537C894-DDC1-43BD-AF0B-99FB391449BF}.Test|Any CPU.Build.0 = Debug|Any CPU
		{FEFC1492-7517-42D0-B4FB-5AFC4CDAEB2E}.Development|Any CPU.ActiveCfg = Debug|Any CPU
		{FEFC1492-7517-42D0-B4FB-5AFC4CDAEB2E}.Development|Any CPU.Build.0 = Debug|Any CPU
		{FEFC1492-7517-42D0-B4FB-5AFC4CDAEB2E}.Production|Any CPU.ActiveCfg = Release|Any CPU
		{FEFC1492-7517-42D0-B4FB-5AFC4CDAEB2E}.Production|Any CPU.Build.0 = Release|Any CPU
		{FEFC1492-7517-42D0-B4FB-5AFC4CDAEB2E}.Test|Any CPU.ActiveCfg = Debug|Any CPU
		{FEFC1492-7517-42D0-B4FB-5AFC4CDAEB2E}.Test|Any CPU.Build.0 = Debug|Any CPU
		{D311F7F8-0B09-43DC-9174-C62D7004B87F}.Development|Any CPU.ActiveCfg = Debug|Any CPU
		{D311F7F8-0B09-43DC-9174-C62D7004B87F}.Development|Any CPU.Build.0 = Debug|Any CPU
		{D311F7F8-0B09-43DC-9174-C62D7004B87F}.Production|Any CPU.ActiveCfg = Release|Any CPU
		{D311F7F8-0B09-43DC-9174-C62D7004B87F}.Production|Any CPU.Build.0 = Release|Any CPU
		{D311F7F8-0B09-43DC-9174-C62D7004B87F}.Test|Any CPU.ActiveCfg = Debug|Any CPU
		{D311F7F8-0B09-43DC-9174-C62D7004B87F}.Test|Any CPU.Build.0 = Debug|Any CPU
		{DA23D101-B3A5-446E-965D-8B7A016FD7BD}.Development|Any CPU.ActiveCfg = Debug|Any CPU
		{DA23D101-B3A5-446E-965D-8B7A016FD7BD}.Development|Any CPU.Build.0 = Debug|Any CPU
		{DA23D101-B3A5-446E-965D-8B7A016FD7BD}.Production|Any CPU.ActiveCfg = Release|Any CPU
		{DA23D101-B3A5-446E-965D-8B7A016FD7BD}.Production|Any CPU.Build.0 = Release|Any CPU
		{DA23D101-B3A5-446E-965D-8B7A016FD7BD}.Test|Any CPU.ActiveCfg = Debug|Any CPU
		{DA23D101-B3A5-446E-965D-8B7A016FD7BD}.Test|Any CPU.Build.0 = Debug|Any CPU
		{7B1BC337-6A9C-4808-B448-6DF34F7C9148}.Development|Any CPU.ActiveCfg = Debug|Any CPU
		{7B1BC337-6A9C-4808-B448-6DF34F7C9148}.Development|Any CPU.Build.0 = Debug|Any CPU
		{7B1BC337-6A9C-4808-B448-6DF34F7C9148}.Production|Any CPU.ActiveCfg = Release|Any CPU
		{7B1BC337-6A9C-4808-B448-6DF34F7C9148}.Production|Any CPU.Build.0 = Release|Any CPU
		{7B1BC337-6A9C-4808-B448-6DF34F7C9148}.Test|Any CPU.ActiveCfg = Debug|Any CPU
		{7B1BC337-6A9C-4808-B448-6DF34F7C9148}.Test|Any CPU.Build.0 = Debug|Any CPU
		{FC6D0886-8F4D-40C6-8B71-5B2DACA5CFE5}.Development|Any CPU.ActiveCfg = Debug|Any CPU
		{FC6D0886-8F4D-40C6-8B71-5B2DACA5CFE5}.Development|Any CPU.Build.0 = Debug|Any CPU
		{FC6D0886-8F4D-40C6-8B71-5B2DACA5CFE5}.Production|Any CPU.ActiveCfg = Release|Any CPU
		{FC6D0886-8F4D-40C6-8B71-5B2DACA5CFE5}.Production|Any CPU.Build.0 = Release|Any CPU
		{FC6D0886-8F4D-40C6-8B71-5B2DACA5CFE5}.Test|Any CPU.ActiveCfg = Debug|Any CPU
		{FC6D0886-8F4D-40C6-8B71-5B2DACA5CFE5}.Test|Any CPU.Build.0 = Debug|Any CPU
		{9FC9C108-8CC9-493B-B217-CBC0F8C81463}.Development|Any CPU.ActiveCfg = Debug|Any CPU
		{9FC9C108-8CC9-493B-B217-CBC0F8C81463}.Development|Any CPU.Build.0 = Debug|Any CPU
		{9FC9C108-8CC9-493B-B217-CBC0F8C81463}.Production|Any CPU.ActiveCfg = Release|Any CPU
		{9FC9C108-8CC9-493B-B217-CBC0F8C81463}.Production|Any CPU.Build.0 = Release|Any CPU
		{9FC9C108-8CC9-493B-B217-CBC0F8C81463}.Test|Any CPU.ActiveCfg = Debug|Any CPU
		{9FC9C108-8CC9-493B-B217-CBC0F8C81463}.Test|Any CPU.Build.0 = Debug|Any CPU
		{82A857B3-EE3A-48AF-A65D-4B8473583488}.Development|Any CPU.ActiveCfg = Debug|Any CPU
		{82A857B3-EE3A-48AF-A65D-4B8473583488}.Development|Any CPU.Build.0 = Debug|Any CPU
		{82A857B3-EE3A-48AF-A65D-4B8473583488}.Production|Any CPU.ActiveCfg = Release|Any CPU
		{82A857B3-EE3A-48AF-A65D-4B8473583488}.Production|Any CPU.Build.0 = Release|Any CPU
		{82A857B3-EE3A-48AF-A65D-4B8473583488}.Test|Any CPU.ActiveCfg = Debug|Any CPU
		{82A857B3-EE3A-48AF-A65D-4B8473583488}.Test|Any CPU.Build.0 = Debug|Any CPU
		{72418AFB-A7D1-4738-A3BE-1FE196059F7B}.Development|Any CPU.ActiveCfg = Debug|Any CPU
		{72418AFB-A7D1-4738-A3BE-1FE196059F7B}.Development|Any CPU.Build.0 = Debug|Any CPU
		{72418AFB-A7D1-4738-A3BE-1FE196059F7B}.Production|Any CPU.ActiveCfg = Release|Any CPU
		{72418AFB-A7D1-4738-A3BE-1FE196059F7B}.Production|Any CPU.Build.0 = Release|Any CPU
		{72418AFB-A7D1-4738-A3BE-1FE196059F7B}.Test|Any CPU.ActiveCfg = Debug|Any CPU
		{72418AFB-A7D1-4738-A3BE-1FE196059F7B}.Test|Any CPU.Build.0 = Debug|Any CPU
		{470123B6-660C-4E4E-B767-32F2C38F61DB}.Development|Any CPU.ActiveCfg = Debug|Any CPU
		{470123B6-660C-4E4E-B767-32F2C38F61DB}.Development|Any CPU.Build.0 = Debug|Any CPU
		{470123B6-660C-4E4E-B767-32F2C38F61DB}.Production|Any CPU.ActiveCfg = Release|Any CPU
		{470123B6-660C-4E4E-B767-32F2C38F61DB}.Production|Any CPU.Build.0 = Release|Any CPU
		{470123B6-660C-4E4E-B767-32F2C38F61DB}.Test|Any CPU.ActiveCfg = Debug|Any CPU
		{470123B6-660C-4E4E-B767-32F2C38F61DB}.Test|Any CPU.Build.0 = Debug|Any CPU
		{B792CB96-AEF0-457B-87CD-FA7AB049B03B}.Development|Any CPU.ActiveCfg = Development|Any CPU
		{B792CB96-AEF0-457B-87CD-FA7AB049B03B}.Development|Any CPU.Build.0 = Development|Any CPU
		{B792CB96-AEF0-457B-87CD-FA7AB049B03B}.Production|Any CPU.ActiveCfg = Production|Any CPU
		{B792CB96-AEF0-457B-87CD-FA7AB049B03B}.Production|Any CPU.Build.0 = Production|Any CPU
		{B792CB96-AEF0-457B-87CD-FA7AB049B03B}.Test|Any CPU.ActiveCfg = Test|Any CPU
		{B792CB96-AEF0-457B-87CD-FA7AB049B03B}.Test|Any CPU.Build.0 = Test|Any CPU
		{171DBE6D-BE18-45A1-A70C-B1C06999349A}.Development|Any CPU.ActiveCfg = Debug|Any CPU
		{171DBE6D-BE18-45A1-A70C-B1C06999349A}.Development|Any CPU.Build.0 = Debug|Any CPU
		{171DBE6D-BE18-45A1-A70C-B1C06999349A}.Production|Any CPU.ActiveCfg = Release|Any CPU
		{171DBE6D-BE18-45A1-A70C-B1C06999349A}.Production|Any CPU.Build.0 = Release|Any CPU
		{171DBE6D-BE18-45A1-A70C-B1C06999349A}.Test|Any CPU.ActiveCfg = Debug|Any CPU
		{171DBE6D-BE18-45A1-A70C-B1C06999349A}.Test|Any CPU.Build.0 = Debug|Any CPU
		{F54DDB9D-AA8B-4155-BA5E-BE3E92A6F05C}.Development|Any CPU.ActiveCfg = Development|Any CPU
		{F54DDB9D-AA8B-4155-BA5E-BE3E92A6F05C}.Development|Any CPU.Build.0 = Development|Any CPU
		{F54DDB9D-AA8B-4155-BA5E-BE3E92A6F05C}.Production|Any CPU.ActiveCfg = Production|Any CPU
		{F54DDB9D-AA8B-4155-BA5E-BE3E92A6F05C}.Production|Any CPU.Build.0 = Production|Any CPU
		{F54DDB9D-AA8B-4155-BA5E-BE3E92A6F05C}.Test|Any CPU.ActiveCfg = Test|Any CPU
		{F54DDB9D-AA8B-4155-BA5E-BE3E92A6F05C}.Test|Any CPU.Build.0 = Test|Any CPU
		{AD7C1E65-12FB-4070-B3FD-7B344CA797DA}.Development|Any CPU.ActiveCfg = Debug|Any CPU
		{AD7C1E65-12FB-4070-B3FD-7B344CA797DA}.Development|Any CPU.Build.0 = Debug|Any CPU
		{AD7C1E65-12FB-4070-B3FD-7B344CA797DA}.Production|Any CPU.ActiveCfg = Release|Any CPU
		{AD7C1E65-12FB-4070-B3FD-7B344CA797DA}.Production|Any CPU.Build.0 = Release|Any CPU
		{AD7C1E65-12FB-4070-B3FD-7B344CA797DA}.Test|Any CPU.ActiveCfg = Debug|Any CPU
		{AD7C1E65-12FB-4070-B3FD-7B344CA797DA}.Test|Any CPU.Build.0 = Debug|Any CPU
		{75CA39B9-850C-4D3B-B079-D1731DAF2881}.Development|Any CPU.ActiveCfg = Debug|Any CPU
		{75CA39B9-850C-4D3B-B079-D1731DAF2881}.Development|Any CPU.Build.0 = Debug|Any CPU
		{75CA39B9-850C-4D3B-B079-D1731DAF2881}.Production|Any CPU.ActiveCfg = Release|Any CPU
		{75CA39B9-850C-4D3B-B079-D1731DAF2881}.Production|Any CPU.Build.0 = Release|Any CPU
		{75CA39B9-850C-4D3B-B079-D1731DAF2881}.Test|Any CPU.ActiveCfg = Debug|Any CPU
		{75CA39B9-850C-4D3B-B079-D1731DAF2881}.Test|Any CPU.Build.0 = Debug|Any CPU
		{4DAF698A-9588-4BBA-B856-9AC23AB6DEAB}.Development|Any CPU.ActiveCfg = Development|Any CPU
		{4DAF698A-9588-4BBA-B856-9AC23AB6DEAB}.Development|Any CPU.Build.0 = Development|Any CPU
		{4DAF698A-9588-4BBA-B856-9AC23AB6DEAB}.Production|Any CPU.ActiveCfg = Production|Any CPU
		{4DAF698A-9588-4BBA-B856-9AC23AB6DEAB}.Production|Any CPU.Build.0 = Production|Any CPU
		{4DAF698A-9588-4BBA-B856-9AC23AB6DEAB}.Test|Any CPU.ActiveCfg = Test|Any CPU
		{4DAF698A-9588-4BBA-B856-9AC23AB6DEAB}.Test|Any CPU.Build.0 = Test|Any CPU
		{3B29910F-A594-446C-BE10-FF66B15406E2}.Development|Any CPU.ActiveCfg = Development|Any CPU
		{3B29910F-A594-446C-BE10-FF66B15406E2}.Development|Any CPU.Build.0 = Development|Any CPU
		{3B29910F-A594-446C-BE10-FF66B15406E2}.Production|Any CPU.ActiveCfg = Production|Any CPU
		{3B29910F-A594-446C-BE10-FF66B15406E2}.Production|Any CPU.Build.0 = Production|Any CPU
		{3B29910F-A594-446C-BE10-FF66B15406E2}.Test|Any CPU.ActiveCfg = Test|Any CPU
		{3B29910F-A594-446C-BE10-FF66B15406E2}.Test|Any CPU.Build.0 = Test|Any CPU
		{045B57B3-8521-4B5D-A134-FC3327D3908D}.Development|Any CPU.ActiveCfg = Development|Any CPU
		{045B57B3-8521-4B5D-A134-FC3327D3908D}.Development|Any CPU.Build.0 = Development|Any CPU
		{045B57B3-8521-4B5D-A134-FC3327D3908D}.Production|Any CPU.ActiveCfg = Production|Any CPU
		{045B57B3-8521-4B5D-A134-FC3327D3908D}.Production|Any CPU.Build.0 = Production|Any CPU
		{045B57B3-8521-4B5D-A134-FC3327D3908D}.Test|Any CPU.ActiveCfg = Test|Any CPU
		{045B57B3-8521-4B5D-A134-FC3327D3908D}.Test|Any CPU.Build.0 = Test|Any CPU
		{2279166C-DA78-4893-A403-10BCE8A4E800}.Development|Any CPU.ActiveCfg = Debug|Any CPU
		{2279166C-DA78-4893-A403-10BCE8A4E800}.Development|Any CPU.Build.0 = Debug|Any CPU
		{2279166C-DA78-4893-A403-10BCE8A4E800}.Production|Any CPU.ActiveCfg = Release|Any CPU
		{2279166C-DA78-4893-A403-10BCE8A4E800}.Production|Any CPU.Build.0 = Release|Any CPU
		{2279166C-DA78-4893-A403-10BCE8A4E800}.Test|Any CPU.ActiveCfg = Release|Any CPU
		{2279166C-DA78-4893-A403-10BCE8A4E800}.Test|Any CPU.Build.0 = Release|Any CPU
		{F11A4CED-DBA8-4293-91C7-677DE0691C2B}.Development|Any CPU.ActiveCfg = Debug|Any CPU
		{F11A4CED-DBA8-4293-91C7-677DE0691C2B}.Development|Any CPU.Build.0 = Debug|Any CPU
		{F11A4CED-DBA8-4293-91C7-677DE0691C2B}.Production|Any CPU.ActiveCfg = Release|Any CPU
		{F11A4CED-DBA8-4293-91C7-677DE0691C2B}.Production|Any CPU.Build.0 = Release|Any CPU
		{F11A4CED-DBA8-4293-91C7-677DE0691C2B}.Test|Any CPU.ActiveCfg = Release|Any CPU
		{F11A4CED-DBA8-4293-91C7-677DE0691C2B}.Test|Any CPU.Build.0 = Release|Any CPU
	EndGlobalSection
	GlobalSection(SolutionProperties) = preSolution
		HideSolutionNode = FALSE
	EndGlobalSection
	GlobalSection(NestedProjects) = preSolution
		{4DAF698A-9588-4BBA-B856-9AC23AB6DEAB} = {897528BE-A67D-4054-8034-83928C1FF122}
		{4A0595F1-27B1-426B-B597-A27D0DD6AB93} = {61277029-2CFE-469E-B648-4D07525A2DA0}
		{CC8849E1-1401-4D54-89FD-0BA285C66DAB} = {61277029-2CFE-469E-B648-4D07525A2DA0}
		{7537C894-DDC1-43BD-AF0B-99FB391449BF} = {61277029-2CFE-469E-B648-4D07525A2DA0}
		{FEFC1492-7517-42D0-B4FB-5AFC4CDAEB2E} = {61277029-2CFE-469E-B648-4D07525A2DA0}
		{D311F7F8-0B09-43DC-9174-C62D7004B87F} = {61277029-2CFE-469E-B648-4D07525A2DA0}
		{DA23D101-B3A5-446E-965D-8B7A016FD7BD} = {61277029-2CFE-469E-B648-4D07525A2DA0}
		{7B1BC337-6A9C-4808-B448-6DF34F7C9148} = {61277029-2CFE-469E-B648-4D07525A2DA0}
		{FC6D0886-8F4D-40C6-8B71-5B2DACA5CFE5} = {61277029-2CFE-469E-B648-4D07525A2DA0}
		{9FC9C108-8CC9-493B-B217-CBC0F8C81463} = {61277029-2CFE-469E-B648-4D07525A2DA0}
		{82A857B3-EE3A-48AF-A65D-4B8473583488} = {61277029-2CFE-469E-B648-4D07525A2DA0}
		{72418AFB-A7D1-4738-A3BE-1FE196059F7B} = {61277029-2CFE-469E-B648-4D07525A2DA0}
		{470123B6-660C-4E4E-B767-32F2C38F61DB} = {61277029-2CFE-469E-B648-4D07525A2DA0}
		{F54DDB9D-AA8B-4155-BA5E-BE3E92A6F05C} = {C8D2AAF6-2C2B-440C-9FD6-ECD6EA5EBD0C}
		{AD7C1E65-12FB-4070-B3FD-7B344CA797DA} = {C8D2AAF6-2C2B-440C-9FD6-ECD6EA5EBD0C}
		{75CA39B9-850C-4D3B-B079-D1731DAF2881} = {C8D2AAF6-2C2B-440C-9FD6-ECD6EA5EBD0C}
		{3B29910F-A594-446C-BE10-FF66B15406E2} = {C8D2AAF6-2C2B-440C-9FD6-ECD6EA5EBD0C}
		{045B57B3-8521-4B5D-A134-FC3327D3908D} = {C8D2AAF6-2C2B-440C-9FD6-ECD6EA5EBD0C}
		{6B81724B-749E-45D2-AA38-76172697DC79} = {C8D2AAF6-2C2B-440C-9FD6-ECD6EA5EBD0C}
		{2279166C-DA78-4893-A403-10BCE8A4E800} = {C8D2AAF6-2C2B-440C-9FD6-ECD6EA5EBD0C}
		{F11A4CED-DBA8-4293-91C7-677DE0691C2B} = {C8D2AAF6-2C2B-440C-9FD6-ECD6EA5EBD0C}
		{47F8B1CF-27FE-447F-8059-EC3519939472} = {DD1101BD-7F68-4812-92A8-E1F7EBCDBA07}
		{452E4B5E-4BC1-4C0E-B280-50C1AC23F3B4} = {DD1101BD-7F68-4812-92A8-E1F7EBCDBA07}
		{21DB2F4D-003F-4E10-8818-96A77C7F8981} = {DD1101BD-7F68-4812-92A8-E1F7EBCDBA07}
		{B792CB96-AEF0-457B-87CD-FA7AB049B03B} = {69994430-845D-43DF-9723-2C9E59CF3D47}
		{171DBE6D-BE18-45A1-A70C-B1C06999349A} = {69994430-845D-43DF-9723-2C9E59CF3D47}
		{A5CA01D9-5FFB-4910-A96E-0234DEECB8D3} = {6F7DE438-240E-4A62-A10E-D1771DFD38BB}
	EndGlobalSection
EndGlobal
